
Microsoft Visual Studio Solution File, Format Version 12.00
# Visual Studio Version 16
VisualStudioVersion = 16.0.30621.155
MinimumVisualStudioVersion = 10.0.40219.1
Project("{FAE04EC0-301F-11D3-BF4B-00C04F79EFBC}") = "WpfApp", "WpfApp\WpfApp.csproj", "{A21BB2D3-7C09-4F97-A631-67E1B7C4B7AD}"
EndProject
Global
	GlobalSection(SolutionConfigurationPlatforms) = preSolution
		Debug|Any CPU = Debug|Any CPU
		Release|Any CPU = Release|Any CPU
	EndGlobalSection
	GlobalSection(ProjectConfigurationPlatforms) = postSolution
		{A21BB2D3-7C09-4F97-A631-67E1B7C4B7AD}.Debug|Any CPU.ActiveCfg = Debug|Any CPU
		{A21BB2D3-7C09-4F97-A631-67E1B7C4B7AD}.Debug|Any CPU.Build.0 = Debug|Any CPU
		{A21BB2D3-7C09-4F97-A631-67E1B7C4B7AD}.Release|Any CPU.ActiveCfg = Release|Any CPU
		{A21BB2D3-7C09-4F97-A631-67E1B7C4B7AD}.Release|Any CPU.Build.0 = Release|Any CPU
	EndGlobalSection
	GlobalSection(SolutionProperties) = preSolution
		HideSolutionNode = FALSE
	EndGlobalSection
	GlobalSection(ExtensibilityGlobals) = postSolution
		SolutionGuid = {02028DAB-44C6-4C25-9D5A-AC28AA088360}
	EndGlobalSection
EndGlobal
