
Microsoft Visual Studio Solution File, Format Version 12.00
# Visual Studio Version 16
VisualStudioVersion = 16.0.29123.88
MinimumVisualStudioVersion = 10.0.40219.1
Project("{FAE04EC0-301F-11D3-BF4B-00C04F79EFBC}") = "NetCoreForReqManager", "NetCoreForReqManager.csproj", "{AD6AE608-BD43-4E05-AA46-6906A0939779}"
EndProject
Global
	GlobalSection(SolutionConfigurationPlatforms) = preSolution
		Debug|Any CPU = Debug|Any CPU
		Release|Any CPU = Release|Any CPU
	EndGlobalSection
	GlobalSection(ProjectConfigurationPlatforms) = postSolution
		{AD6AE608-BD43-4E05-AA46-6906A0939779}.Debug|Any CPU.ActiveCfg = Debug|Any CPU
		{AD6AE608-BD43-4E05-AA46-6906A0939779}.Debug|Any CPU.Build.0 = Debug|Any CPU
		{AD6AE608-BD43-4E05-AA46-6906A0939779}.Release|Any CPU.ActiveCfg = Release|Any CPU
		{AD6AE608-BD43-4E05-AA46-6906A0939779}.Release|Any CPU.Build.0 = Release|Any CPU
	EndGlobalSection
	GlobalSection(SolutionProperties) = preSolution
		HideSolutionNode = FALSE
	EndGlobalSection
	GlobalSection(ExtensibilityGlobals) = postSolution
		SolutionGuid = {A6333563-28D9-4502-A6DC-DB57ECD09727}
	EndGlobalSection
EndGlobal
