
Microsoft Visual Studio Solution File, Format Version 12.00
# Visual Studio Version 16
VisualStudioVersion = 16.0.29215.179
MinimumVisualStudioVersion = 10.0.40219.1
Project("{9A19103F-16F7-4668-BE54-9A1E7A4F7556}") = "WebMvc", "WebMvc.csproj", "{3D64CA3A-867C-4A8D-A137-EE906D10AF3F}"
EndProject
Project("{2150E333-8FDC-42A3-9474-1A3956D46DE8}") = "BLL", "BLL", "{1728FA4B-53C4-4F0A-97D5-5BE81AE20FB0}"
EndProject
Project("{9A19103F-16F7-4668-BE54-9A1E7A4F7556}") = "WebMvc.BLLContainer", "..\WebMvc.BLL\WebMvc.BLLContainer\WebMvc.BLLContainer.csproj", "{CDD5AF21-70E9-4551-9FC2-E5328DE1703B}"
EndProject
Project("{2150E333-8FDC-42A3-9474-1A3956D46DE8}") = "DAL", "DAL", "{3B081360-8803-412B-91D8-8F34421899F0}"
EndProject
Project("{9A19103F-16F7-4668-BE54-9A1E7A4F7556}") = "WebMvc.DAL", "..\WebMvc.DAL\WebMvc.DAL\WebMvc.DAL.csproj", "{9FF34DF8-C759-465D-8BBC-DC9EECE6387E}"
EndProject
Project("{9A19103F-16F7-4668-BE54-9A1E7A4F7556}") = "WebMvc.IDAL", "..\WebMvc.DAL\WebMvc.IDAL\WebMvc.IDAL.csproj", "{6374B81B-6B89-499E-9358-5BA0CEEA612E}"
EndProject
Project("{9A19103F-16F7-4668-BE54-9A1E7A4F7556}") = "WebMvc.DALContainer", "..\WebMvc.DAL\WebMvc.DALContainer\WebMvc.DALContainer.csproj", "{C43E0044-416C-472C-AE3D-FED6987A898C}"
EndProject
Project("{2150E333-8FDC-42A3-9474-1A3956D46DE8}") = "Model", "Model", "{78D43AE1-F4A4-4E81-ACE5-492779F3223B}"
EndProject
Project("{9A19103F-16F7-4668-BE54-9A1E7A4F7556}") = "WebMvc.Model", "..\WebMvc.Model\WebMvc.Model\WebMvc.Model.csproj", "{53034E6B-22E2-46EC-8413-F32F763D220D}"
EndProject
Project("{2150E333-8FDC-42A3-9474-1A3956D46DE8}") = "Common", "Common", "{BF00E98E-65B2-4495-98CE-17EDC3514DF0}"
EndProject
Project("{9A19103F-16F7-4668-BE54-9A1E7A4F7556}") = "WebMvc.Common", "..\WebMvc.Common\WebMvc.Common\WebMvc.Common.csproj", "{40181CAC-6364-4F5C-8761-B32F8B122EEE}"
EndProject
Project("{9A19103F-16F7-4668-BE54-9A1E7A4F7556}") = "WebMvc.BLL", "..\WebMvc.BLL\WebMvc.BLL\WebMvc.BLL.csproj", "{7A6BF5D3-71E5-46FF-9566-9E0D3C9895E2}"
EndProject
Project("{9A19103F-16F7-4668-BE54-9A1E7A4F7556}") = "WebMvc.IBLL", "..\WebMvc.BLL\WebMvc.IBLL\WebMvc.IBLL.csproj", "{938F85A2-6555-4FA5-833A-E89F54070FC4}"
EndProject
Global
	GlobalSection(SolutionConfigurationPlatforms) = preSolution
		Debug|Any CPU = Debug|Any CPU
		Release|Any CPU = Release|Any CPU
	EndGlobalSection
	GlobalSection(ProjectConfigurationPlatforms) = postSolution
		{3D64CA3A-867C-4A8D-A137-EE906D10AF3F}.Debug|Any CPU.ActiveCfg = Debug|Any CPU
		{3D64CA3A-867C-4A8D-A137-EE906D10AF3F}.Debug|Any CPU.Build.0 = Debug|Any CPU
		{3D64CA3A-867C-4A8D-A137-EE906D10AF3F}.Release|Any CPU.ActiveCfg = Release|Any CPU
		{3D64CA3A-867C-4A8D-A137-EE906D10AF3F}.Release|Any CPU.Build.0 = Release|Any CPU
		{CDD5AF21-70E9-4551-9FC2-E5328DE1703B}.Debug|Any CPU.ActiveCfg = Debug|Any CPU
		{CDD5AF21-70E9-4551-9FC2-E5328DE1703B}.Debug|Any CPU.Build.0 = Debug|Any CPU
		{CDD5AF21-70E9-4551-9FC2-E5328DE1703B}.Release|Any CPU.ActiveCfg = Release|Any CPU
		{CDD5AF21-70E9-4551-9FC2-E5328DE1703B}.Release|Any CPU.Build.0 = Release|Any CPU
		{9FF34DF8-C759-465D-8BBC-DC9EECE6387E}.Debug|Any CPU.ActiveCfg = Debug|Any CPU
		{9FF34DF8-C759-465D-8BBC-DC9EECE6387E}.Debug|Any CPU.Build.0 = Debug|Any CPU
		{9FF34DF8-C759-465D-8BBC-DC9EECE6387E}.Release|Any CPU.ActiveCfg = Release|Any CPU
		{9FF34DF8-C759-465D-8BBC-DC9EECE6387E}.Release|Any CPU.Build.0 = Release|Any CPU
		{6374B81B-6B89-499E-9358-5BA0CEEA612E}.Debug|Any CPU.ActiveCfg = Debug|Any CPU
		{6374B81B-6B89-499E-9358-5BA0CEEA612E}.Debug|Any CPU.Build.0 = Debug|Any CPU
		{6374B81B-6B89-499E-9358-5BA0CEEA612E}.Release|Any CPU.ActiveCfg = Release|Any CPU
		{6374B81B-6B89-499E-9358-5BA0CEEA612E}.Release|Any CPU.Build.0 = Release|Any CPU
		{C43E0044-416C-472C-AE3D-FED6987A898C}.Debug|Any CPU.ActiveCfg = Debug|Any CPU
		{C43E0044-416C-472C-AE3D-FED6987A898C}.Debug|Any CPU.Build.0 = Debug|Any CPU
		{C43E0044-416C-472C-AE3D-FED6987A898C}.Release|Any CPU.ActiveCfg = Release|Any CPU
		{C43E0044-416C-472C-AE3D-FED6987A898C}.Release|Any CPU.Build.0 = Release|Any CPU
		{53034E6B-22E2-46EC-8413-F32F763D220D}.Debug|Any CPU.ActiveCfg = Debug|Any CPU
		{53034E6B-22E2-46EC-8413-F32F763D220D}.Debug|Any CPU.Build.0 = Debug|Any CPU
		{53034E6B-22E2-46EC-8413-F32F763D220D}.Release|Any CPU.ActiveCfg = Release|Any CPU
		{53034E6B-22E2-46EC-8413-F32F763D220D}.Release|Any CPU.Build.0 = Release|Any CPU
		{40181CAC-6364-4F5C-8761-B32F8B122EEE}.Debug|Any CPU.ActiveCfg = Debug|Any CPU
		{40181CAC-6364-4F5C-8761-B32F8B122EEE}.Debug|Any CPU.Build.0 = Debug|Any CPU
		{40181CAC-6364-4F5C-8761-B32F8B122EEE}.Release|Any CPU.ActiveCfg = Release|Any CPU
		{40181CAC-6364-4F5C-8761-B32F8B122EEE}.Release|Any CPU.Build.0 = Release|Any CPU
		{7A6BF5D3-71E5-46FF-9566-9E0D3C9895E2}.Debug|Any CPU.ActiveCfg = Debug|Any CPU
		{7A6BF5D3-71E5-46FF-9566-9E0D3C9895E2}.Debug|Any CPU.Build.0 = Debug|Any CPU
		{7A6BF5D3-71E5-46FF-9566-9E0D3C9895E2}.Release|Any CPU.ActiveCfg = Release|Any CPU
		{7A6BF5D3-71E5-46FF-9566-9E0D3C9895E2}.Release|Any CPU.Build.0 = Release|Any CPU
		{938F85A2-6555-4FA5-833A-E89F54070FC4}.Debug|Any CPU.ActiveCfg = Debug|Any CPU
		{938F85A2-6555-4FA5-833A-E89F54070FC4}.Debug|Any CPU.Build.0 = Debug|Any CPU
		{938F85A2-6555-4FA5-833A-E89F54070FC4}.Release|Any CPU.ActiveCfg = Release|Any CPU
		{938F85A2-6555-4FA5-833A-E89F54070FC4}.Release|Any CPU.Build.0 = Release|Any CPU
	EndGlobalSection
	GlobalSection(SolutionProperties) = preSolution
		HideSolutionNode = FALSE
	EndGlobalSection
	GlobalSection(NestedProjects) = preSolution
		{CDD5AF21-70E9-4551-9FC2-E5328DE1703B} = {1728FA4B-53C4-4F0A-97D5-5BE81AE20FB0}
		{9FF34DF8-C759-465D-8BBC-DC9EECE6387E} = {3B081360-8803-412B-91D8-8F34421899F0}
		{6374B81B-6B89-499E-9358-5BA0CEEA612E} = {3B081360-8803-412B-91D8-8F34421899F0}
		{C43E0044-416C-472C-AE3D-FED6987A898C} = {3B081360-8803-412B-91D8-8F34421899F0}
		{53034E6B-22E2-46EC-8413-F32F763D220D} = {78D43AE1-F4A4-4E81-ACE5-492779F3223B}
		{40181CAC-6364-4F5C-8761-B32F8B122EEE} = {BF00E98E-65B2-4495-98CE-17EDC3514DF0}
		{7A6BF5D3-71E5-46FF-9566-9E0D3C9895E2} = {1728FA4B-53C4-4F0A-97D5-5BE81AE20FB0}
		{938F85A2-6555-4FA5-833A-E89F54070FC4} = {1728FA4B-53C4-4F0A-97D5-5BE81AE20FB0}
	EndGlobalSection
	GlobalSection(ExtensibilityGlobals) = postSolution
		SolutionGuid = {2920764D-C4F1-49EA-9AD2-1AE1D1A550EE}
	EndGlobalSection
EndGlobal
