
Microsoft Visual Studio Solution File, Format Version 12.00
# Visual Studio Version 16
VisualStudioVersion = 16.0.31410.357
MinimumVisualStudioVersion = 10.0.40219.1
Project("{FAE04EC0-301F-11D3-BF4B-00C04F79EFBC}") = "FBCodeProduceWPF", "FBCodeProduceWPF\FBCodeProduceWPF.csproj", "{F2226142-F9CA-42D4-92AB-E7B27106328E}"
EndProject
Global
	GlobalSection(SolutionConfigurationPlatforms) = preSolution
		Debug|Any CPU = Debug|Any CPU
		Release|Any CPU = Release|Any CPU
	EndGlobalSection
	GlobalSection(ProjectConfigurationPlatforms) = postSolution
		{F2226142-F9CA-42D4-92AB-E7B27106328E}.Debug|Any CPU.ActiveCfg = Debug|Any CPU
		{F2226142-F9CA-42D4-92AB-E7B27106328E}.Debug|Any CPU.Build.0 = Debug|Any CPU
		{F2226142-F9CA-42D4-92AB-E7B27106328E}.Release|Any CPU.ActiveCfg = Release|Any CPU
		{F2226142-F9CA-42D4-92AB-E7B27106328E}.Release|Any CPU.Build.0 = Release|Any CPU
	EndGlobalSection
	GlobalSection(SolutionProperties) = preSolution
		HideSolutionNode = FALSE
	EndGlobalSection
	GlobalSection(ExtensibilityGlobals) = postSolution
		SolutionGuid = {9C2B0836-8BBA-48A9-BCB4-B7107331E2F6}
	EndGlobalSection
EndGlobal
