
Microsoft Visual Studio Solution File, Format Version 12.00
# Visual Studio Version 16
VisualStudioVersion = 16.0.31410.357
MinimumVisualStudioVersion = 10.0.40219.1
Project("{FAE04EC0-301F-11D3-BF4B-00C04F79EFBC}") = "ImgWriteInWord", "ImgWriteInWord\ImgWriteInWord.csproj", "{18E62854-9854-4A7D-A4D8-04D4699AAB13}"
EndProject
Global
	GlobalSection(SolutionConfigurationPlatforms) = preSolution
		Debug|Any CPU = Debug|Any CPU
		Release|Any CPU = Release|Any CPU
	EndGlobalSection
	GlobalSection(ProjectConfigurationPlatforms) = postSolution
		{18E62854-9854-4A7D-A4D8-04D4699AAB13}.Debug|Any CPU.ActiveCfg = Debug|Any CPU
		{18E62854-9854-4A7D-A4D8-04D4699AAB13}.Debug|Any CPU.Build.0 = Debug|Any CPU
		{18E62854-9854-4A7D-A4D8-04D4699AAB13}.Release|Any CPU.ActiveCfg = Release|Any CPU
		{18E62854-9854-4A7D-A4D8-04D4699AAB13}.Release|Any CPU.Build.0 = Release|Any CPU
	EndGlobalSection
	GlobalSection(SolutionProperties) = preSolution
		HideSolutionNode = FALSE
	EndGlobalSection
	GlobalSection(ExtensibilityGlobals) = postSolution
		SolutionGuid = {7B233B8C-6B27-4B46-A278-FC32B07EF48C}
	EndGlobalSection
EndGlobal
